
Microsoft Visual Studio Solution File, Format Version 12.00
# Visual Studio Version 17
VisualStudioVersion = 17.11.35303.130
MinimumVisualStudioVersion = 10.0.40219.1
Project("{8BC9CEB8-8B4A-11D0-8D11-00A0C91BC942}") = "computerGraficLab5", "computerGraficLab5.vcxproj", "{480E3DE0-FDDF-4982-8EC0-A0B32BB65473}"
EndProject
Global
	GlobalSection(SolutionConfigurationPlatforms) = preSolution
		Debug|x64 = Debug|x64
		Debug|x86 = Debug|x86
		Release|x64 = Release|x64
		Release|x86 = Release|x86
	EndGlobalSection
	GlobalSection(ProjectConfigurationPlatforms) = postSolution
		{480E3DE0-FDDF-4982-8EC0-A0B32BB65473}.Debug|x64.ActiveCfg = Debug|x64
		{480E3DE0-FDDF-4982-8EC0-A0B32BB65473}.Debug|x64.Build.0 = Debug|x64
		{480E3DE0-FDDF-4982-8EC0-A0B32BB65473}.Debug|x86.ActiveCfg = Debug|Win32
		{480E3DE0-FDDF-4982-8EC0-A0B32BB65473}.Debug|x86.Build.0 = Debug|Win32
		{480E3DE0-FDDF-4982-8EC0-A0B32BB65473}.Release|x64.ActiveCfg = Release|x64
		{480E3DE0-FDDF-4982-8EC0-A0B32BB65473}.Release|x64.Build.0 = Release|x64
		{480E3DE0-FDDF-4982-8EC0-A0B32BB65473}.Release|x86.ActiveCfg = Release|Win32
		{480E3DE0-FDDF-4982-8EC0-A0B32BB65473}.Release|x86.Build.0 = Release|Win32
	EndGlobalSection
	GlobalSection(SolutionProperties) = preSolution
		HideSolutionNode = FALSE
	EndGlobalSection
	GlobalSection(ExtensibilityGlobals) = postSolution
		SolutionGuid = {9CD3011C-08BF-441E-8A5B-5543282BA6A5}
	EndGlobalSection
EndGlobal
